// !$*UTF8*$!
{
	archiveVersion = 1;
	classes = {
	};
	objectVersion = 77;
	objects = {

/* Begin PBXContainerItemProxy section */
		6DB7096C2D8DBA7700EF8062 /* PBXContainerItemProxy */ = {
			isa = PBXContainerItemProxy;
			containerPortal = 6DB7094A2D8DBA7600EF8062 /* Project object */;
			proxyType = 1;
			remoteGlobalIDString = 6DB709512D8DBA7600EF8062;
			remoteInfo = A2_iOS_Margaret_101297977;
		};
		6DB709762D8DBA7700EF8062 /* PBXContainerItemProxy */ = {
			isa = PBXContainerItemProxy;
			containerPortal = 6DB7094A2D8DBA7600EF8062 /* Project object */;
			proxyType = 1;
			remoteGlobalIDString = 6DB709512D8DBA7600EF8062;
			remoteInfo = A2_iOS_Margaret_101297977;
		};
/* End PBXContainerItemProxy section */

/* Begin PBXFileReference section */
		6DB709522D8DBA7600EF8062 /* A2_iOS_Margaret_101297977.app */ = {isa = PBXFileReference; explicitFileType = wrapper.application; includeInIndex = 0; path = A2_iOS_Margaret_101297977.app; sourceTree = BUILT_PRODUCTS_DIR; };
		6DB7096B2D8DBA7700EF8062 /* A2_iOS_Margaret_101297977Tests.xctest */ = {isa = PBXFileReference; explicitFileType = wrapper.cfbundle; includeInIndex = 0; path = A2_iOS_Margaret_101297977Tests.xctest; sourceTree = BUILT_PRODUCTS_DIR; };
		6DB709752D8DBA7700EF8062 /* A2_iOS_Margaret_101297977UITests.xctest */ = {isa = PBXFileReference; explicitFileType = wrapper.cfbundle; includeInIndex = 0; path = A2_iOS_Margaret_101297977UITests.xctest; sourceTree = BUILT_PRODUCTS_DIR; };
/* End PBXFileReference section */

/* Begin PBXFileSystemSynchronizedBuildFileExceptionSet section */
		6DB7097D2D8DBA7700EF8062 /* Exceptions for "A2_iOS_Margaret_101297977" folder in "A2_iOS_Margaret_101297977" target */ = {
			isa = PBXFileSystemSynchronizedBuildFileExceptionSet;
			membershipExceptions = (
				Info.plist,
			);
			target = 6DB709512D8DBA7600EF8062 /* A2_iOS_Margaret_101297977 */;
		};
/* End PBXFileSystemSynchronizedBuildFileExceptionSet section */

/* Begin PBXFileSystemSynchronizedRootGroup section */
		6DB709542D8DBA7600EF8062 /* A2_iOS_Margaret_101297977 */ = {
			isa = PBXFileSystemSynchronizedRootGroup;
			exceptions = (
				6DB7097D2D8DBA7700EF8062 /* Exceptions for "A2_iOS_Margaret_101297977" folder in "A2_iOS_Margaret_101297977" target */,
			);
			path = A2_iOS_Margaret_101297977;
			sourceTree = "<group>";
		};
		6DB7096E2D8DBA7700EF8062 /* A2_iOS_Margaret_101297977Tests */ = {
			isa = PBXFileSystemSynchronizedRootGroup;
			path = A2_iOS_Margaret_101297977Tests;
			sourceTree = "<group>";
		};
		6DB709782D8DBA7700EF8062 /* A2_iOS_Margaret_101297977UITests */ = {
			isa = PBXFileSystemSynchronizedRootGroup;
			path = A2_iOS_Margaret_101297977UITests;
			sourceTree = "<group>";
		};
/* End PBXFileSystemSynchronizedRootGroup section */

/* Begin PBXFrameworksBuildPhase section */
		6DB7094F2D8DBA7600EF8062 /* Frameworks */ = {
			isa = PBXFrameworksBuildPhase;
			buildActionMask = 2147483647;
			files = (
			);
			runOnlyForDeploymentPostprocessing = 0;
		};
		6DB709682D8DBA7700EF8062 /* Frameworks */ = {
			isa = PBXFrameworksBuildPhase;
			buildActionMask = 2147483647;
			files = (
			);
			runOnlyForDeploymentPostprocessing = 0;
		};
		6DB709722D8DBA7700EF8062 /* Frameworks */ = {
			isa = PBXFrameworksBuildPhase;
			buildActionMask = 2147483647;
			files = (
			);
			runOnlyForDeploymentPostprocessing = 0;
		};
/* End PBXFrameworksBuildPhase section */

/* Begin PBXGroup section */
		6DB709492D8DBA7600EF8062 = {
			isa = PBXGroup;
			children = (
				6DB709542D8DBA7600EF8062 /* A2_iOS_Margaret_101297977 */,
				6DB7096E2D8DBA7700EF8062 /* A2_iOS_Margaret_101297977Tests */,
				6DB709782D8DBA7700EF8062 /* A2_iOS_Margaret_101297977UITests */,
				6DB709532D8DBA7600EF8062 /* Products */,
			);
			sourceTree = "<group>";
		};
		6DB709532D8DBA7600EF8062 /* Products */ = {
			isa = PBXGroup;
			children = (
				6DB709522D8DBA7600EF8062 /* A2_iOS_Margaret_101297977.app */,
				6DB7096B2D8DBA7700EF8062 /* A2_iOS_Margaret_101297977Tests.xctest */,
				6DB709752D8DBA7700EF8062 /* A2_iOS_Margaret_101297977UITests.xctest */,
			);
			name = Products;
			sourceTree = "<group>";
		};
/* End PBXGroup section */

/* Begin PBXNativeTarget section */
		6DB709512D8DBA7600EF8062 /* A2_iOS_Margaret_101297977 */ = {
			isa = PBXNativeTarget;
			buildConfigurationList = 6DB7097E2D8DBA7700EF8062 /* Build configuration list for PBXNativeTarget "A2_iOS_Margaret_101297977" */;
			buildPhases = (
				6DB7094E2D8DBA7600EF8062 /* Sources */,
				6DB7094F2D8DBA7600EF8062 /* Frameworks */,
				6DB709502D8DBA7600EF8062 /* Resources */,
			);
			buildRules = (
			);
			dependencies = (
			);
			fileSystemSynchronizedGroups = (
				6DB709542D8DBA7600EF8062 /* A2_iOS_Margaret_101297977 */,
			);
			name = A2_iOS_Margaret_101297977;
			packageProductDependencies = (
			);
			productName = A2_iOS_Margaret_101297977;
			productReference = 6DB709522D8DBA7600EF8062 /* A2_iOS_Margaret_101297977.app */;
			productType = "com.apple.product-type.application";
		};
		6DB7096A2D8DBA7700EF8062 /* A2_iOS_Margaret_101297977Tests */ = {
			isa = PBXNativeTarget;
			buildConfigurationList = 6DB709832D8DBA7700EF8062 /* Build configuration list for PBXNativeTarget "A2_iOS_Margaret_101297977Tests" */;
			buildPhases = (
				6DB709672D8DBA7700EF8062 /* Sources */,
				6DB709682D8DBA7700EF8062 /* Frameworks */,
				6DB709692D8DBA7700EF8062 /* Resources */,
			);
			buildRules = (
			);
			dependencies = (
				6DB7096D2D8DBA7700EF8062 /* PBXTargetDependency */,
			);
			fileSystemSynchronizedGroups = (
				6DB7096E2D8DBA7700EF8062 /* A2_iOS_Margaret_101297977Tests */,
			);
			name = A2_iOS_Margaret_101297977Tests;
			packageProductDependencies = (
			);
			productName = A2_iOS_Margaret_101297977Tests;
			productReference = 6DB7096B2D8DBA7700EF8062 /* A2_iOS_Margaret_101297977Tests.xctest */;
			productType = "com.apple.product-type.bundle.unit-test";
		};
		6DB709742D8DBA7700EF8062 /* A2_iOS_Margaret_101297977UITests */ = {
			isa = PBXNativeTarget;
			buildConfigurationList = 6DB709862D8DBA7700EF8062 /* Build configuration list for PBXNativeTarget "A2_iOS_Margaret_101297977UITests" */;
			buildPhases = (
				6DB709712D8DBA7700EF8062 /* Sources */,
				6DB709722D8DBA7700EF8062 /* Frameworks */,
				6DB709732D8DBA7700EF8062 /* Resources */,
			);
			buildRules = (
			);
			dependencies = (
				6DB709772D8DBA7700EF8062 /* PBXTargetDependency */,
			);
			fileSystemSynchronizedGroups = (
				6DB709782D8DBA7700EF8062 /* A2_iOS_Margaret_101297977UITests */,
			);
			name = A2_iOS_Margaret_101297977UITests;
			packageProductDependencies = (
			);
			productName = A2_iOS_Margaret_101297977UITests;
			productReference = 6DB709752D8DBA7700EF8062 /* A2_iOS_Margaret_101297977UITests.xctest */;
			productType = "com.apple.product-type.bundle.ui-testing";
		};
/* End PBXNativeTarget section */

/* Begin PBXProject section */
		6DB7094A2D8DBA7600EF8062 /* Project object */ = {
			isa = PBXProject;
			attributes = {
				BuildIndependentTargetsInParallel = 1;
				LastSwiftUpdateCheck = 1620;
				LastUpgradeCheck = 1620;
				TargetAttributes = {
					6DB709512D8DBA7600EF8062 = {
						CreatedOnToolsVersion = 16.2;
					};
					6DB7096A2D8DBA7700EF8062 = {
						CreatedOnToolsVersion = 16.2;
						TestTargetID = 6DB709512D8DBA7600EF8062;
					};
					6DB709742D8DBA7700EF8062 = {
						CreatedOnToolsVersion = 16.2;
						TestTargetID = 6DB709512D8DBA7600EF8062;
					};
				};
			};
			buildConfigurationList = 6DB7094D2D8DBA7600EF8062 /* Build configuration list for PBXProject "A2_iOS_Margaret_101297977" */;
			developmentRegion = en;
			hasScannedForEncodings = 0;
			knownRegions = (
				en,
				Base,
			);
			mainGroup = 6DB709492D8DBA7600EF8062;
			minimizedProjectReferenceProxies = 1;
			preferredProjectObjectVersion = 77;
			productRefGroup = 6DB709532D8DBA7600EF8062 /* Products */;
			projectDirPath = "";
			projectRoot = "";
			targets = (
				6DB709512D8DBA7600EF8062 /* A2_iOS_Margaret_101297977 */,
				6DB7096A2D8DBA7700EF8062 /* A2_iOS_Margaret_101297977Tests */,
				6DB709742D8DBA7700EF8062 /* A2_iOS_Margaret_101297977UITests */,
			);
		};
/* End PBXProject section */

/* Begin PBXResourcesBuildPhase section */
		6DB709502D8DBA7600EF8062 /* Resources */ = {
			isa = PBXResourcesBuildPhase;
			buildActionMask = 2147483647;
			files = (
			);
			runOnlyForDeploymentPostprocessing = 0;
		};
		6DB709692D8DBA7700EF8062 /* Resources */ = {
			isa = PBXResourcesBuildPhase;
			buildActionMask = 2147483647;
			files = (
			);
			runOnlyForDeploymentPostprocessing = 0;
		};
		6DB709732D8DBA7700EF8062 /* Resources */ = {
			isa = PBXResourcesBuildPhase;
			buildActionMask = 2147483647;
			files = (
			);
			runOnlyForDeploymentPostprocessing = 0;
		};
/* End PBXResourcesBuildPhase section */

/* Begin PBXSourcesBuildPhase section */
		6DB7094E2D8DBA7600EF8062 /* Sources */ = {
			isa = PBXSourcesBuildPhase;
			buildActionMask = 2147483647;
			files = (
			);
			runOnlyForDeploymentPostprocessing = 0;
		};
		6DB709672D8DBA7700EF8062 /* Sources */ = {
			isa = PBXSourcesBuildPhase;
			buildActionMask = 2147483647;
			files = (
			);
			runOnlyForDeploymentPostprocessing = 0;
		};
		6DB709712D8DBA7700EF8062 /* Sources */ = {
			isa = PBXSourcesBuildPhase;
			buildActionMask = 2147483647;
			files = (
			);
			runOnlyForDeploymentPostprocessing = 0;
		};
/* End PBXSourcesBuildPhase section */

/* Begin PBXTargetDependency section */
		6DB7096D2D8DBA7700EF8062 /* PBXTargetDependency */ = {
			isa = PBXTargetDependency;
			target = 6DB709512D8DBA7600EF8062 /* A2_iOS_Margaret_101297977 */;
			targetProxy = 6DB7096C2D8DBA7700EF8062 /* PBXContainerItemProxy */;
		};
		6DB709772D8DBA7700EF8062 /* PBXTargetDependency */ = {
			isa = PBXTargetDependency;
			target = 6DB709512D8DBA7600EF8062 /* A2_iOS_Margaret_101297977 */;
			targetProxy = 6DB709762D8DBA7700EF8062 /* PBXContainerItemProxy */;
		};
/* End PBXTargetDependency section */

/* Begin XCBuildConfiguration section */
		6DB7097F2D8DBA7700EF8062 /* Debug */ = {
			isa = XCBuildConfiguration;
			buildSettings = {
				ASSETCATALOG_COMPILER_APPICON_NAME = AppIcon;
				ASSETCATALOG_COMPILER_GLOBAL_ACCENT_COLOR_NAME = AccentColor;
				CODE_SIGN_STYLE = Automatic;
				CURRENT_PROJECT_VERSION = 1;
				DEVELOPMENT_TEAM = CLFV6GX75X;
				GENERATE_INFOPLIST_FILE = YES;
				INFOPLIST_FILE = A2_iOS_Margaret_101297977/Info.plist;
				INFOPLIST_KEY_UIApplicationSupportsIndirectInputEvents = YES;
				INFOPLIST_KEY_UILaunchStoryboardName = LaunchScreen;
				INFOPLIST_KEY_UIMainStoryboardFile = Main;
				INFOPLIST_KEY_UISupportedInterfaceOrientations_iPad = "UIInterfaceOrientationPortrait UIInterfaceOrientationPortraitUpsideDown UIInterfaceOrientationLandscapeLeft UIInterfaceOrientationLandscapeRight";
				INFOPLIST_KEY_UISupportedInterfaceOrientations_iPhone = "UIInterfaceOrientationPortrait UIInterfaceOrientationLandscapeLeft UIInterfaceOrientationLandscapeRight";
				LD_RUNPATH_SEARCH_PATHS = (
					"$(inherited)",
					"@executable_path/Frameworks",
				);
				MARKETING_VERSION = 1.0;
				PRODUCT_BUNDLE_IDENTIFIER = "A2-iOS-Margaret-101297977.A2-iOS-Margaret-101297977";
				PRODUCT_NAME = "$(TARGET_NAME)";
				SWIFT_EMIT_LOC_STRINGS = YES;
				SWIFT_VERSION = 5.0;
				TARGETED_DEVICE_FAMILY = "1,2";
			};
			name = Debug;
		};
		6DB709802D8DBA7700EF8062 /* Release */ = {
			isa = XCBuildConfiguration;
			buildSettings = {
				ASSETCATALOG_COMPILER_APPICON_NAME = AppIcon;
				ASSETCATALOG_COMPILER_GLOBAL_ACCENT_COLOR_NAME = AccentColor;
				CODE_SIGN_STYLE = Automatic;
				CURRENT_PROJECT_VERSION = 1;
				DEVELOPMENT_TEAM = CLFV6GX75X;
				GENERATE_INFOPLIST_FILE = YES;
				INFOPLIST_FILE = A2_iOS_Margaret_101297977/Info.plist;
				INFOPLIST_KEY_UIApplicationSupportsIndirectInputEvents = YES;
				INFOPLIST_KEY_UILaunchStoryboardName = LaunchScreen;
				INFOPLIST_KEY_UIMainStoryboardFile = Main;
				INFOPLIST_KEY_UISupportedInterfaceOrientations_iPad = "UIInterfaceOrientationPortrait UIInterfaceOrientationPortraitUpsideDown UIInterfaceOrientationLandscapeLeft UIInterfaceOrientationLandscapeRight";
				INFOPLIST_KEY_UISupportedInterfaceOrientations_iPhone = "UIInterfaceOrientationPortrait UIInterfaceOrientationLandscapeLeft UIInterfaceOrientationLandscapeRight";
				LD_RUNPATH_SEARCH_PATHS = (
					"$(inherited)",
					"@executable_path/Frameworks",
				);
				MARKETING_VERSION = 1.0;
				PRODUCT_BUNDLE_IDENTIFIER = "A2-iOS-Margaret-101297977.A2-iOS-Margaret-101297977";
				PRODUCT_NAME = "$(TARGET_NAME)";
				SWIFT_EMIT_LOC_STRINGS = YES;
				SWIFT_VERSION = 5.0;
				TARGETED_DEVICE_FAMILY = "1,2";
			};
			name = Release;
		};
		6DB709812D8DBA7700EF8062 /* Debug */ = {
			isa = XCBuildConfiguration;
			buildSettings = {
				ALWAYS_SEARCH_USER_PATHS = NO;
				ASSETCATALOG_COMPILER_GENERATE_SWIFT_ASSET_SYMBOL_EXTENSIONS = YES;
				CLANG_ANALYZER_NONNULL = YES;
				CLANG_ANALYZER_NUMBER_OBJECT_CONVERSION = YES_AGGRESSIVE;
				CLANG_CXX_LANGUAGE_STANDARD = "gnu++20";
				CLANG_ENABLE_MODULES = YES;
				CLANG_ENABLE_OBJC_ARC = YES;
				CLANG_ENABLE_OBJC_WEAK = YES;
				CLANG_WARN_BLOCK_CAPTURE_AUTORELEASING = YES;
				CLANG_WARN_BOOL_CONVERSION = YES;
				CLANG_WARN_COMMA = YES;
				CLANG_WARN_CONSTANT_CONVERSION = YES;
				CLANG_WARN_DEPRECATED_OBJC_IMPLEMENTATIONS = YES;
				CLANG_WARN_DIRECT_OBJC_ISA_USAGE = YES_ERROR;
				CLANG_WARN_DOCUMENTATION_COMMENTS = YES;
				CLANG_WARN_EMPTY_BODY = YES;
				CLANG_WARN_ENUM_CONVERSION = YES;
				CLANG_WARN_INFINITE_RECURSION = YES;
				CLANG_WARN_INT_CONVERSION = YES;
				CLANG_WARN_NON_LITERAL_NULL_CONVERSION = YES;
				CLANG_WARN_OBJC_IMPLICIT_RETAIN_SELF = YES;
				CLANG_WARN_OBJC_LITERAL_CONVERSION = YES;
				CLANG_WARN_OBJC_ROOT_CLASS = YES_ERROR;
				CLANG_WARN_QUOTED_INCLUDE_IN_FRAMEWORK_HEADER = YES;
				CLANG_WARN_RANGE_LOOP_ANALYSIS = YES;
				CLANG_WARN_STRICT_PROTOTYPES = YES;
				CLANG_WARN_SUSPICIOUS_MOVE = YES;
				CLANG_WARN_UNGUARDED_AVAILABILITY = YES_AGGRESSIVE;
				CLANG_WARN_UNREACHABLE_CODE = YES;
				CLANG_WARN__DUPLICATE_METHOD_MATCH = YES;
				COPY_PHASE_STRIP = NO;
				DEBUG_INFORMATION_FORMAT = dwarf;
				ENABLE_STRICT_OBJC_MSGSEND = YES;
				ENABLE_TESTABILITY = YES;
				ENABLE_USER_SCRIPT_SANDBOXING = YES;
				GCC_C_LANGUAGE_STANDARD = gnu17;
				GCC_DYNAMIC_NO_PIC = NO;
				GCC_NO_COMMON_BLOCKS = YES;
				GCC_OPTIMIZATION_LEVEL = 0;
				GCC_PREPROCESSOR_DEFINITIONS = (
					"DEBUG=1",
					"$(inherited)",
				);
				GCC_WARN_64_TO_32_BIT_CONVERSION = YES;
				GCC_WARN_ABOUT_RETURN_TYPE = YES_ERROR;
				GCC_WARN_UNDECLARED_SELECTOR = YES;
				GCC_WARN_UNINITIALIZED_AUTOS = YES_AGGRESSIVE;
				GCC_WARN_UNUSED_FUNCTION = YES;
				GCC_WARN_UNUSED_VARIABLE = YES;
				IPHONEOS_DEPLOYMENT_TARGET = 18.2;
				LOCALIZATION_PREFERS_STRING_CATALOGS = YES;
				MTL_ENABLE_DEBUG_INFO = INCLUDE_SOURCE;
				MTL_FAST_MATH = YES;
				ONLY_ACTIVE_ARCH = YES;
				SDKROOT = iphoneos;
				SWIFT_ACTIVE_COMPILATION_CONDITIONS = "DEBUG $(inherited)";
				SWIFT_OPTIMIZATION_LEVEL = "-Onone";
			};
			name = Debug;
		};
		6DB709822D8DBA7700EF8062 /* Release */ = {
			isa = XCBuildConfiguration;
			buildSettings = {
				ALWAYS_SEARCH_USER_PATHS = NO;
				ASSETCATALOG_COMPILER_GENERATE_SWIFT_ASSET_SYMBOL_EXTENSIONS = YES;
				CLANG_ANALYZER_NONNULL = YES;
				CLANG_ANALYZER_NUMBER_OBJECT_CONVERSION = YES_AGGRESSIVE;
				CLANG_CXX_LANGUAGE_STANDARD = "gnu++20";
				CLANG_ENABLE_MODULES = YES;
				CLANG_ENABLE_OBJC_ARC = YES;
				CLANG_ENABLE_OBJC_WEAK = YES;
				CLANG_WARN_BLOCK_CAPTURE_AUTORELEASING = YES;
				CLANG_WARN_BOOL_CONVERSION = YES;
				CLANG_WARN_COMMA = YES;
				CLANG_WARN_CONSTANT_CONVERSION = YES;
				CLANG_WARN_DEPRECATED_OBJC_IMPLEMENTATIONS = YES;
				CLANG_WARN_DIRECT_OBJC_ISA_USAGE = YES_ERROR;
				CLANG_WARN_DOCUMENTATION_COMMENTS = YES;
				CLANG_WARN_EMPTY_BODY = YES;
				CLANG_WARN_ENUM_CONVERSION = YES;
				CLANG_WARN_INFINITE_RECURSION = YES;
				CLANG_WARN_INT_CONVERSION = YES;
				CLANG_WARN_NON_LITERAL_NULL_CONVERSION = YES;
				CLANG_WARN_OBJC_IMPLICIT_RETAIN_SELF = YES;
				CLANG_WARN_OBJC_LITERAL_CONVERSION = YES;
				CLANG_WARN_OBJC_ROOT_CLASS = YES_ERROR;
				CLANG_WARN_QUOTED_INCLUDE_IN_FRAMEWORK_HEADER = YES;
				CLANG_WARN_RANGE_LOOP_ANALYSIS = YES;
				CLANG_WARN_STRICT_PROTOTYPES = YES;
				CLANG_WARN_SUSPICIOUS_MOVE = YES;
				CLANG_WARN_UNGUARDED_AVAILABILITY = YES_AGGRESSIVE;
				CLANG_WARN_UNREACHABLE_CODE = YES;
				CLANG_WARN__DUPLICATE_METHOD_MATCH = YES;
				COPY_PHASE_STRIP = NO;
				DEBUG_INFORMATION_FORMAT = "dwarf-with-dsym";
				ENABLE_NS_ASSERTIONS = NO;
				ENABLE_STRICT_OBJC_MSGSEND = YES;
				ENABLE_USER_SCRIPT_SANDBOXING = YES;
				GCC_C_LANGUAGE_STANDARD = gnu17;
				GCC_NO_COMMON_BLOCKS = YES;
				GCC_WARN_64_TO_32_BIT_CONVERSION = YES;
				GCC_WARN_ABOUT_RETURN_TYPE = YES_ERROR;
				GCC_WARN_UNDECLARED_SELECTOR = YES;
				GCC_WARN_UNINITIALIZED_AUTOS = YES_AGGRESSIVE;
				GCC_WARN_UNUSED_FUNCTION = YES;
				GCC_WARN_UNUSED_VARIABLE = YES;
				IPHONEOS_DEPLOYMENT_TARGET = 18.2;
				LOCALIZATION_PREFERS_STRING_CATALOGS = YES;
				MTL_ENABLE_DEBUG_INFO = NO;
				MTL_FAST_MATH = YES;
				SDKROOT = iphoneos;
				SWIFT_COMPILATION_MODE = wholemodule;
				VALIDATE_PRODUCT = YES;
			};
			name = Release;
		};
		6DB709842D8DBA7700EF8062 /* Debug */ = {
			isa = XCBuildConfiguration;
			buildSettings = {
				BUNDLE_LOADER = "$(TEST_HOST)";
				CODE_SIGN_STYLE = Automatic;
				CURRENT_PROJECT_VERSION = 1;
				DEVELOPMENT_TEAM = CLFV6GX75X;
				GENERATE_INFOPLIST_FILE = YES;
				IPHONEOS_DEPLOYMENT_TARGET = 18.2;
				MARKETING_VERSION = 1.0;
				PRODUCT_BUNDLE_IDENTIFIER = "A2-iOS-Margaret-101297977.A2-iOS-Margaret-101297977Tests";
				PRODUCT_NAME = "$(TARGET_NAME)";
				SWIFT_EMIT_LOC_STRINGS = NO;
				SWIFT_VERSION = 5.0;
				TARGETED_DEVICE_FAMILY = "1,2";
				TEST_HOST = "$(BUILT_PRODUCTS_DIR)/A2_iOS_Margaret_101297977.app/$(BUNDLE_EXECUTABLE_FOLDER_PATH)/A2_iOS_Margaret_101297977";
			};
			name = Debug;
		};
		6DB709852D8DBA7700EF8062 /* Release */ = {
			isa = XCBuildConfiguration;
			buildSettings = {
				BUNDLE_LOADER = "$(TEST_HOST)";
				CODE_SIGN_STYLE = Automatic;
				CURRENT_PROJECT_VERSION = 1;
				DEVELOPMENT_TEAM = CLFV6GX75X;
				GENERATE_INFOPLIST_FILE = YES;
				IPHONEOS_DEPLOYMENT_TARGET = 18.2;
				MARKETING_VERSION = 1.0;
				PRODUCT_BUNDLE_IDENTIFIER = "A2-iOS-Margaret-101297977.A2-iOS-Margaret-101297977Tests";
				PRODUCT_NAME = "$(TARGET_NAME)";
				SWIFT_EMIT_LOC_STRINGS = NO;
				SWIFT_VERSION = 5.0;
				TARGETED_DEVICE_FAMILY = "1,2";
				TEST_HOST = "$(BUILT_PRODUCTS_DIR)/A2_iOS_Margaret_101297977.app/$(BUNDLE_EXECUTABLE_FOLDER_PATH)/A2_iOS_Margaret_101297977";
			};
			name = Release;
		};
		6DB709872D8DBA7700EF8062 /* Debug */ = {
			isa = XCBuildConfiguration;
			buildSettings = {
				CODE_SIGN_STYLE = Automatic;
				CURRENT_PROJECT_VERSION = 1;
				DEVELOPMENT_TEAM = CLFV6GX75X;
				GENERATE_INFOPLIST_FILE = YES;
				MARKETING_VERSION = 1.0;
				PRODUCT_BUNDLE_IDENTIFIER = "A2-iOS-Margaret-101297977.A2-iOS-Margaret-101297977UITests";
				PRODUCT_NAME = "$(TARGET_NAME)";
				SWIFT_EMIT_LOC_STRINGS = NO;
				SWIFT_VERSION = 5.0;
				TARGETED_DEVICE_FAMILY = "1,2";
				TEST_TARGET_NAME = A2_iOS_Margaret_101297977;
			};
			name = Debug;
		};
		6DB709882D8DBA7700EF8062 /* Release */ = {
			isa = XCBuildConfiguration;
			buildSettings = {
				CODE_SIGN_STYLE = Automatic;
				CURRENT_PROJECT_VERSION = 1;
				DEVELOPMENT_TEAM = CLFV6GX75X;
				GENERATE_INFOPLIST_FILE = YES;
				MARKETING_VERSION = 1.0;
				PRODUCT_BUNDLE_IDENTIFIER = "A2-iOS-Margaret-101297977.A2-iOS-Margaret-101297977UITests";
				PRODUCT_NAME = "$(TARGET_NAME)";
				SWIFT_EMIT_LOC_STRINGS = NO;
				SWIFT_VERSION = 5.0;
				TARGETED_DEVICE_FAMILY = "1,2";
				TEST_TARGET_NAME = A2_iOS_Margaret_101297977;
			};
			name = Release;
		};
/* End XCBuildConfiguration section */

/* Begin XCConfigurationList section */
		6DB7094D2D8DBA7600EF8062 /* Build configuration list for PBXProject "A2_iOS_Margaret_101297977" */ = {
			isa = XCConfigurationList;
			buildConfigurations = (
				6DB709812D8DBA7700EF8062 /* Debug */,
				6DB709822D8DBA7700EF8062 /* Release */,
			);
			defaultConfigurationIsVisible = 0;
			defaultConfigurationName = Release;
		};
		6DB7097E2D8DBA7700EF8062 /* Build configuration list for PBXNativeTarget "A2_iOS_Margaret_101297977" */ = {
			isa = XCConfigurationList;
			buildConfigurations = (
				6DB7097F2D8DBA7700EF8062 /* Debug */,
				6DB709802D8DBA7700EF8062 /* Release */,
			);
			defaultConfigurationIsVisible = 0;
			defaultConfigurationName = Release;
		};
		6DB709832D8DBA7700EF8062 /* Build configuration list for PBXNativeTarget "A2_iOS_Margaret_101297977Tests" */ = {
			isa = XCConfigurationList;
			buildConfigurations = (
				6DB709842D8DBA7700EF8062 /* Debug */,
				6DB709852D8DBA7700EF8062 /* Release */,
			);
			defaultConfigurationIsVisible = 0;
			defaultConfigurationName = Release;
		};
		6DB709862D8DBA7700EF8062 /* Build configuration list for PBXNativeTarget "A2_iOS_Margaret_101297977UITests" */ = {
			isa = XCConfigurationList;
			buildConfigurations = (
				6DB709872D8DBA7700EF8062 /* Debug */,
				6DB709882D8DBA7700EF8062 /* Release */,
			);
			defaultConfigurationIsVisible = 0;
			defaultConfigurationName = Release;
		};
/* End XCConfigurationList section */
	};
	rootObject = 6DB7094A2D8DBA7600EF8062 /* Project object */;
}
